// !$*UTF8*$!
{
	archiveVersion = 1;
	classes = {
	};
	objectVersion = 50;
	objects = {

/* Begin PBXBuildFile section */
		071B37E522C4EAFA0023EC16 /* AppDelegate.swift in Sources */ = {isa = PBXBuildFile; fileRef = 071B37E422C4EAFA0023EC16 /* AppDelegate.swift */; };
		071B37E722C4EAFA0023EC16 /* ViewController.swift in Sources */ = {isa = PBXBuildFile; fileRef = 071B37E622C4EAFA0023EC16 /* ViewController.swift */; };
		071B37EA22C4EAFA0023EC16 /* Main.storyboard in Resources */ = {isa = PBXBuildFile; fileRef = 071B37E822C4EAFA0023EC16 /* Main.storyboard */; };
		071B37EC22C4EAFC0023EC16 /* Assets.xcassets in Resources */ = {isa = PBXBuildFile; fileRef = 071B37EB22C4EAFC0023EC16 /* Assets.xcassets */; };
		071B37EF22C4EAFC0023EC16 /* LaunchScreen.storyboard in Resources */ = {isa = PBXBuildFile; fileRef = 071B37ED22C4EAFC0023EC16 /* LaunchScreen.storyboard */; };
		071B37F722C4F06F0023EC16 /* kInputAccessoryView.swift in Sources */ = {isa = PBXBuildFile; fileRef = 071B37F622C4F06F0023EC16 /* kInputAccessoryView.swift */; };
/* End PBXBuildFile section */

/* Begin PBXFileReference section */
		071B37E122C4EAFA0023EC16 /* KidInputAccessoryView.app */ = {isa = PBXFileReference; explicitFileType = wrapper.application; includeInIndex = 0; path = KidInputAccessoryView.app; sourceTree = BUILT_PRODUCTS_DIR; };
		071B37E422C4EAFA0023EC16 /* AppDelegate.swift */ = {isa = PBXFileReference; lastKnownFileType = sourcecode.swift; path = AppDelegate.swift; sourceTree = "<group>"; };
		071B37E622C4EAFA0023EC16 /* ViewController.swift */ = {isa = PBXFileReference; lastKnownFileType = sourcecode.swift; path = ViewController.swift; sourceTree = "<group>"; };
		071B37E922C4EAFA0023EC16 /* Base */ = {isa = PBXFileReference; lastKnownFileType = file.storyboard; name = Base; path = Base.lproj/Main.storyboard; sourceTree = "<group>"; };
		071B37EB22C4EAFC0023EC16 /* Assets.xcassets */ = {isa = PBXFileReference; lastKnownFileType = folder.assetcatalog; path = Assets.xcassets; sourceTree = "<group>"; };
		071B37EE22C4EAFC0023EC16 /* Base */ = {isa = PBXFileReference; lastKnownFileType = file.storyboard; name = Base; path = Base.lproj/LaunchScreen.storyboard; sourceTree = "<group>"; };
		071B37F022C4EAFC0023EC16 /* Info.plist */ = {isa = PBXFileReference; lastKnownFileType = text.plist.xml; path = Info.plist; sourceTree = "<group>"; };
		071B37F622C4F06F0023EC16 /* kInputAccessoryView.swift */ = {isa = PBXFileReference; lastKnownFileType = sourcecode.swift; path = kInputAccessoryView.swift; sourceTree = "<group>"; };
/* End PBXFileReference section */

/* Begin PBXFrameworksBuildPhase section */
		071B37DE22C4EAFA0023EC16 /* Frameworks */ = {
			isa = PBXFrameworksBuildPhase;
			buildActionMask = 2147483647;
			files = (
			);
			runOnlyForDeploymentPostprocessing = 0;
		};
/* End PBXFrameworksBuildPhase section */

/* Begin PBXGroup section */
		071B37D822C4EAFA0023EC16 = {
			isa = PBXGroup;
			children = (
				071B37E322C4EAFA0023EC16 /* KidInputAccessoryView */,
				071B37E222C4EAFA0023EC16 /* Products */,
			);
			sourceTree = "<group>";
		};
		071B37E222C4EAFA0023EC16 /* Products */ = {
			isa = PBXGroup;
			children = (
				071B37E122C4EAFA0023EC16 /* KidInputAccessoryView.app */,
			);
			name = Products;
			sourceTree = "<group>";
		};
		071B37E322C4EAFA0023EC16 /* KidInputAccessoryView */ = {
			isa = PBXGroup;
			children = (
				071B37E422C4EAFA0023EC16 /* AppDelegate.swift */,
				071B37E622C4EAFA0023EC16 /* ViewController.swift */,
				071B37F622C4F06F0023EC16 /* kInputAccessoryView.swift */,
				071B37E822C4EAFA0023EC16 /* Main.storyboard */,
				071B37EB22C4EAFC0023EC16 /* Assets.xcassets */,
				071B37ED22C4EAFC0023EC16 /* LaunchScreen.storyboard */,
				071B37F022C4EAFC0023EC16 /* Info.plist */,
			);
			path = KidInputAccessoryView;
			sourceTree = "<group>";
		};
/* End PBXGroup section */

/* Begin PBXNativeTarget section */
		071B37E022C4EAFA0023EC16 /* KidInputAccessoryView */ = {
			isa = PBXNativeTarget;
			buildConfigurationList = 071B37F322C4EAFC0023EC16 /* Build configuration list for PBXNativeTarget "KidInputAccessoryView" */;
			buildPhases = (
				071B37DD22C4EAFA0023EC16 /* Sources */,
				071B37DE22C4EAFA0023EC16 /* Frameworks */,
				071B37DF22C4EAFA0023EC16 /* Resources */,
			);
			buildRules = (
			);
			dependencies = (
			);
			name = KidInputAccessoryView;
			productName = KidInputAccessoryView;
			productReference = 071B37E122C4EAFA0023EC16 /* KidInputAccessoryView.app */;
			productType = "com.apple.product-type.application";
		};
/* End PBXNativeTarget section */

/* Begin PBXProject section */
		071B37D922C4EAFA0023EC16 /* Project object */ = {
			isa = PBXProject;
			attributes = {
				LastSwiftUpdateCheck = 1020;
				LastUpgradeCheck = 1020;
				ORGANIZATIONNAME = "Kid Tsui";
				TargetAttributes = {
					071B37E022C4EAFA0023EC16 = {
						CreatedOnToolsVersion = 10.2.1;
					};
				};
			};
			buildConfigurationList = 071B37DC22C4EAFA0023EC16 /* Build configuration list for PBXProject "KidInputAccessoryView" */;
			compatibilityVersion = "Xcode 9.3";
			developmentRegion = en;
			hasScannedForEncodings = 0;
			knownRegions = (
				en,
				Base,
			);
			mainGroup = 071B37D822C4EAFA0023EC16;
			productRefGroup = 071B37E222C4EAFA0023EC16 /* Products */;
			projectDirPath = "";
			projectRoot = "";
			targets = (
				071B37E022C4EAFA0023EC16 /* KidInputAccessoryView */,
			);
		};
/* End PBXProject section */

/* Begin PBXResourcesBuildPhase section */
		071B37DF22C4EAFA0023EC16 /* Resources */ = {
			isa = PBXResourcesBuildPhase;
			buildActionMask = 2147483647;
			files = (
				071B37EF22C4EAFC0023EC16 /* LaunchScreen.storyboard in Resources */,
				071B37EC22C4EAFC0023EC16 /* Assets.xcassets in Resources */,
				071B37EA22C4EAFA0023EC16 /* Main.storyboard in Resources */,
			);
			runOnlyForDeploymentPostprocessing = 0;
		};
/* End PBXResourcesBuildPhase section */

/* Begin PBXSourcesBuildPhase section */
		071B37DD22C4EAFA0023EC16 /* Sources */ = {
			isa = PBXSourcesBuildPhase;
			buildActionMask = 2147483647;
			files = (
				071B37F722C4F06F0023EC16 /* kInputAccessoryView.swift in Sources */,
				071B37E722C4EAFA0023EC16 /* ViewController.swift in Sources */,
				071B37E522C4EAFA0023EC16 /* AppDelegate.swift in Sources */,
			);
			runOnlyForDeploymentPostprocessing = 0;
		};
/* End PBXSourcesBuildPhase section */

/* Begin PBXVariantGroup section */
		071B37E822C4EAFA0023EC16 /* Main.storyboard */ = {
			isa = PBXVariantGroup;
			children = (
				071B37E922C4EAFA0023EC16 /* Base */,
			);
			name = Main.storyboard;
			sourceTree = "<group>";
		};
		071B37ED22C4EAFC0023EC16 /* LaunchScreen.storyboard */ = {
			isa = PBXVariantGroup;
			children = (
				071B37EE22C4EAFC0023EC16 /* Base */,
			);
			name = LaunchScreen.storyboard;
			sourceTree = "<group>";
		};
/* End PBXVariantGroup section */

/* Begin XCBuildConfiguration section */
		071B37F122C4EAFC0023EC16 /* Debug */ = {
			isa = XCBuildConfiguration;
			buildSettings = {
				ALWAYS_SEARCH_USER_PATHS = NO;
				CLANG_ANALYZER_NONNULL = YES;
				CLANG_ANALYZER_NUMBER_OBJECT_CONVERSION = YES_AGGRESSIVE;
				CLANG_CXX_LANGUAGE_STANDARD = "gnu++14";
				CLANG_CXX_LIBRARY = "libc++";
				CLANG_ENABLE_MODULES = YES;
				CLANG_ENABLE_OBJC_ARC = YES;
				CLANG_ENABLE_OBJC_WEAK = YES;
				CLANG_WARN_BLOCK_CAPTURE_AUTORELEASING = YES;
				CLANG_WARN_BOOL_CONVERSION = YES;
				CLANG_WARN_COMMA = YES;
				CLANG_WARN_CONSTANT_CONVERSION = YES;
				CLANG_WARN_DEPRECATED_OBJC_IMPLEMENTATIONS = YES;
				CLANG_WARN_DIRECT_OBJC_ISA_USAGE = YES_ERROR;
				CLANG_WARN_DOCUMENTATION_COMMENTS = YES;
				CLANG_WARN_EMPTY_BODY = YES;
				CLANG_WARN_ENUM_CONVERSION = YES;
				CLANG_WARN_INFINITE_RECURSION = YES;
				CLANG_WARN_INT_CONVERSION = YES;
				CLANG_WARN_NON_LITERAL_NULL_CONVERSION = YES;
				CLANG_WARN_OBJC_IMPLICIT_RETAIN_SELF = YES;
				CLANG_WARN_OBJC_LITERAL_CONVERSION = YES;
				CLANG_WARN_OBJC_ROOT_CLASS = YES_ERROR;
				CLANG_WARN_RANGE_LOOP_ANALYSIS = YES;
				CLANG_WARN_STRICT_PROTOTYPES = YES;
				CLANG_WARN_SUSPICIOUS_MOVE = YES;
				CLANG_WARN_UNGUARDED_AVAILABILITY = YES_AGGRESSIVE;
				CLANG_WARN_UNREACHABLE_CODE = YES;
				CLANG_WARN__DUPLICATE_METHOD_MATCH = YES;
				CODE_SIGN_IDENTITY = "iPhone Developer";
				COPY_PHASE_STRIP = NO;
				DEBUG_INFORMATION_FORMAT = dwarf;
				ENABLE_STRICT_OBJC_MSGSEND = YES;
				ENABLE_TESTABILITY = YES;
				GCC_C_LANGUAGE_STANDARD = gnu11;
				GCC_DYNAMIC_NO_PIC = NO;
				GCC_NO_COMMON_BLOCKS = YES;
				GCC_OPTIMIZATION_LEVEL = 0;
				GCC_PREPROCESSOR_DEFINITIONS = (
					"DEBUG=1",
					"$(inherited)",
				);
				GCC_WARN_64_TO_32_BIT_CONVERSION = YES;
				GCC_WARN_ABOUT_RETURN_TYPE = YES_ERROR;
				GCC_WARN_UNDECLARED_SELECTOR = YES;
				GCC_WARN_UNINITIALIZED_AUTOS = YES_AGGRESSIVE;
				GCC_WARN_UNUSED_FUNCTION = YES;
				GCC_WARN_UNUSED_VARIABLE = YES;
				IPHONEOS_DEPLOYMENT_TARGET = 12.2;
				MTL_ENABLE_DEBUG_INFO = INCLUDE_SOURCE;
				MTL_FAST_MATH = YES;
				ONLY_ACTIVE_ARCH = YES;
				SDKROOT = iphoneos;
				SWIFT_ACTIVE_COMPILATION_CONDITIONS = DEBUG;
				SWIFT_OPTIMIZATION_LEVEL = "-Onone";
			};
			name = Debug;
		};
		071B37F222C4EAFC0023EC16 /* Release */ = {
			isa = XCBuildConfiguration;
			buildSettings = {
				ALWAYS_SEARCH_USER_PATHS = NO;
				CLANG_ANALYZER_NONNULL = YES;
				CLANG_ANALYZER_NUMBER_OBJECT_CONVERSION = YES_AGGRESSIVE;
				CLANG_CXX_LANGUAGE_STANDARD = "gnu++14";
				CLANG_CXX_LIBRARY = "libc++";
				CLANG_ENABLE_MODULES = YES;
				CLANG_ENABLE_OBJC_ARC = YES;
				CLANG_ENABLE_OBJC_WEAK = YES;
				CLANG_WARN_BLOCK_CAPTURE_AUTORELEASING = YES;
				CLANG_WARN_BOOL_CONVERSION = YES;
				CLANG_WARN_COMMA = YES;
				CLANG_WARN_CONSTANT_CONVERSION = YES;
				CLANG_WARN_DEPRECATED_OBJC_IMPLEMENTATIONS = YES;
				CLANG_WARN_DIRECT_OBJC_ISA_USAGE = YES_ERROR;
				CLANG_WARN_DOCUMENTATION_COMMENTS = YES;
				CLANG_WARN_EMPTY_BODY = YES;
				CLANG_WARN_ENUM_CONVERSION = YES;
				CLANG_WARN_INFINITE_RECURSION = YES;
				CLANG_WARN_INT_CONVERSION = YES;
				CLANG_WARN_NON_LITERAL_NULL_CONVERSION = YES;
				CLANG_WARN_OBJC_IMPLICIT_RETAIN_SELF = YES;
				CLANG_WARN_OBJC_LITERAL_CONVERSION = YES;
				CLANG_WARN_OBJC_ROOT_CLASS = YES_ERROR;
				CLANG_WARN_RANGE_LOOP_ANALYSIS = YES;
				CLANG_WARN_STRICT_PROTOTYPES = YES;
				CLANG_WARN_SUSPICIOUS_MOVE = YES;
				CLANG_WARN_UNGUARDED_AVAILABILITY = YES_AGGRESSIVE;
				CLANG_WARN_UNREACHABLE_CODE = YES;
				CLANG_WARN__DUPLICATE_METHOD_MATCH = YES;
				CODE_SIGN_IDENTITY = "iPhone Developer";
				COPY_PHASE_STRIP = NO;
				DEBUG_INFORMATION_FORMAT = "dwarf-with-dsym";
				ENABLE_NS_ASSERTIONS = NO;
				ENABLE_STRICT_OBJC_MSGSEND = YES;
				GCC_C_LANGUAGE_STANDARD = gnu11;
				GCC_NO_COMMON_BLOCKS = YES;
				GCC_WARN_64_TO_32_BIT_CONVERSION = YES;
				GCC_WARN_ABOUT_RETURN_TYPE = YES_ERROR;
				GCC_WARN_UNDECLARED_SELECTOR = YES;
				GCC_WARN_UNINITIALIZED_AUTOS = YES_AGGRESSIVE;
				GCC_WARN_UNUSED_FUNCTION = YES;
				GCC_WARN_UNUSED_VARIABLE = YES;
				IPHONEOS_DEPLOYMENT_TARGET = 12.2;
				MTL_ENABLE_DEBUG_INFO = NO;
				MTL_FAST_MATH = YES;
				SDKROOT = iphoneos;
				SWIFT_COMPILATION_MODE = wholemodule;
				SWIFT_OPTIMIZATION_LEVEL = "-O";
				VALIDATE_PRODUCT = YES;
			};
			name = Release;
		};
		071B37F422C4EAFC0023EC16 /* Debug */ = {
			isa = XCBuildConfiguration;
			buildSettings = {
				ASSETCATALOG_COMPILER_APPICON_NAME = AppIcon;
				CODE_SIGN_STYLE = Automatic;
				DEVELOPMENT_TEAM = HTLPVT7859;
				INFOPLIST_FILE = KidInputAccessoryView/Info.plist;
				LD_RUNPATH_SEARCH_PATHS = (
					"$(inherited)",
					"@executable_path/Frameworks",
				);
				PRODUCT_BUNDLE_IDENTIFIER = kid.learn.KidInputAccessoryView;
				PRODUCT_NAME = "$(TARGET_NAME)";
				SWIFT_VERSION = 5.0;
				TARGETED_DEVICE_FAMILY = "1,2";
			};
			name = Debug;
		};
		071B37F522C4EAFC0023EC16 /* Release */ = {
			isa = XCBuildConfiguration;
			buildSettings = {
				ASSETCATALOG_COMPILER_APPICON_NAME = AppIcon;
				CODE_SIGN_STYLE = Automatic;
				DEVELOPMENT_TEAM = HTLPVT7859;
				INFOPLIST_FILE = KidInputAccessoryView/Info.plist;
				LD_RUNPATH_SEARCH_PATHS = (
					"$(inherited)",
					"@executable_path/Frameworks",
				);
				PRODUCT_BUNDLE_IDENTIFIER = kid.learn.KidInputAccessoryView;
				PRODUCT_NAME = "$(TARGET_NAME)";
				SWIFT_VERSION = 5.0;
				TARGETED_DEVICE_FAMILY = "1,2";
			};
			name = Release;
		};
/* End XCBuildConfiguration section */

/* Begin XCConfigurationList section */
		071B37DC22C4EAFA0023EC16 /* Build configuration list for PBXProject "KidInputAccessoryView" */ = {
			isa = XCConfigurationList;
			buildConfigurations = (
				071B37F122C4EAFC0023EC16 /* Debug */,
				071B37F222C4EAFC0023EC16 /* Release */,
			);
			defaultConfigurationIsVisible = 0;
			defaultConfigurationName = Release;
		};
		071B37F322C4EAFC0023EC16 /* Build configuration list for PBXNativeTarget "KidInputAccessoryView" */ = {
			isa = XCConfigurationList;
			buildConfigurations = (
				071B37F422C4EAFC0023EC16 /* Debug */,
				071B37F522C4EAFC0023EC16 /* Release */,
			);
			defaultConfigurationIsVisible = 0;
			defaultConfigurationName = Release;
		};
/* End XCConfigurationList section */
	};
	rootObject = 071B37D922C4EAFA0023EC16 /* Project object */;
}
